// !$*UTF8*$!
{
	archiveVersion = 1;
	classes = {
	};
	objectVersion = 55;
	objects = {

/* Begin PBXBuildFile section */
		8AC0A055F89548F284B3F8C5 /* Pods_SeeIt_SeeItUITests.framework in Frameworks */ = {isa = PBXBuildFile; fileRef = 5C75E765DB74F25679827797 /* Pods_SeeIt_SeeItUITests.framework */; };
		93754E5D35C40B5FEB98A760 /* Pods_SeeItTests.framework in Frameworks */ = {isa = PBXBuildFile; fileRef = 4E49A7E5501235DEC6672702 /* Pods_SeeItTests.framework */; };
		BA38A5A7AD89A4DE5DD33189 /* Pods_SeeIt.framework in Frameworks */ = {isa = PBXBuildFile; fileRef = DEEEC708875945997EDD223F /* Pods_SeeIt.framework */; };
		C7D833E827A46F8C004270B6 /* AppDelegate.swift in Sources */ = {isa = PBXBuildFile; fileRef = C7D833E727A46F8C004270B6 /* AppDelegate.swift */; };
		C7D833EC27A46F8C004270B6 /* InitialViewController.swift in Sources */ = {isa = PBXBuildFile; fileRef = C7D833EB27A46F8C004270B6 /* InitialViewController.swift */; };
		C7D833EF27A46F8C004270B6 /* Main.storyboard in Resources */ = {isa = PBXBuildFile; fileRef = C7D833ED27A46F8C004270B6 /* Main.storyboard */; };
		C7D833F127A46F8E004270B6 /* Assets.xcassets in Resources */ = {isa = PBXBuildFile; fileRef = C7D833F027A46F8E004270B6 /* Assets.xcassets */; };
		C7D833F427A46F8E004270B6 /* LaunchScreen.storyboard in Resources */ = {isa = PBXBuildFile; fileRef = C7D833F227A46F8E004270B6 /* LaunchScreen.storyboard */; };
		C7D833FF27A46F8E004270B6 /* SeeItTests.swift in Sources */ = {isa = PBXBuildFile; fileRef = C7D833FE27A46F8E004270B6 /* SeeItTests.swift */; };
		C7D8340927A46F8E004270B6 /* SeeItUITests.swift in Sources */ = {isa = PBXBuildFile; fileRef = C7D8340827A46F8E004270B6 /* SeeItUITests.swift */; };
		C7D8340B27A46F8E004270B6 /* SeeItUITestsLaunchTests.swift in Sources */ = {isa = PBXBuildFile; fileRef = C7D8340A27A46F8E004270B6 /* SeeItUITestsLaunchTests.swift */; };
		C7D8342227A6D752004270B6 /* HomePresenter.swift in Sources */ = {isa = PBXBuildFile; fileRef = C7D8341F27A6D752004270B6 /* HomePresenter.swift */; };
		C7D8342327A6D752004270B6 /* HomeViewController.swift in Sources */ = {isa = PBXBuildFile; fileRef = C7D8342027A6D752004270B6 /* HomeViewController.swift */; };
		C7D8342427A6D752004270B6 /* HomeViewController.xib in Resources */ = {isa = PBXBuildFile; fileRef = C7D8342127A6D752004270B6 /* HomeViewController.xib */; };
		C7D8342727A6E358004270B6 /* HomeItemCell.swift in Sources */ = {isa = PBXBuildFile; fileRef = C7D8342627A6E358004270B6 /* HomeItemCell.swift */; };
		C7D8342A27A99D47004270B6 /* Show.swift in Sources */ = {isa = PBXBuildFile; fileRef = C7D8342927A99D47004270B6 /* Show.swift */; };
		C7D8342D27A9A0DE004270B6 /* URLSession+Extension.swift in Sources */ = {isa = PBXBuildFile; fileRef = C7D8342C27A9A0DE004270B6 /* URLSession+Extension.swift */; };
		C7D8343027AB393A004270B6 /* UIViewController+Extension.swift in Sources */ = {isa = PBXBuildFile; fileRef = C7D8342F27AB393A004270B6 /* UIViewController+Extension.swift */; };
		C7D8343427AB4B76004270B6 /* ShowDetailsPresenter.swift in Sources */ = {isa = PBXBuildFile; fileRef = C7D8343127AB4B76004270B6 /* ShowDetailsPresenter.swift */; };
		C7D8343527AB4B76004270B6 /* ShowDetailsViewController.swift in Sources */ = {isa = PBXBuildFile; fileRef = C7D8343227AB4B76004270B6 /* ShowDetailsViewController.swift */; };
		C7D8343627AB4B76004270B6 /* ShowDetailsViewController.xib in Resources */ = {isa = PBXBuildFile; fileRef = C7D8343327AB4B76004270B6 /* ShowDetailsViewController.xib */; };
		C7D8343827AB5027004270B6 /* UIImage+Extension.swift in Sources */ = {isa = PBXBuildFile; fileRef = C7D8343727AB5027004270B6 /* UIImage+Extension.swift */; };
		C7D8343C27AB8C49004270B6 /* Cache.swift in Sources */ = {isa = PBXBuildFile; fileRef = C7D8343B27AB8C49004270B6 /* Cache.swift */; };
/* End PBXBuildFile section */

/* Begin PBXContainerItemProxy section */
		C7D833FB27A46F8E004270B6 /* PBXContainerItemProxy */ = {
			isa = PBXContainerItemProxy;
			containerPortal = C7D833DC27A46F8C004270B6 /* Project object */;
			proxyType = 1;
			remoteGlobalIDString = C7D833E327A46F8C004270B6;
			remoteInfo = SeeIt;
		};
		C7D8340527A46F8E004270B6 /* PBXContainerItemProxy */ = {
			isa = PBXContainerItemProxy;
			containerPortal = C7D833DC27A46F8C004270B6 /* Project object */;
			proxyType = 1;
			remoteGlobalIDString = C7D833E327A46F8C004270B6;
			remoteInfo = SeeIt;
		};
/* End PBXContainerItemProxy section */

/* Begin PBXFileReference section */
		1E8A86AF52122D1D7E31A552 /* Pods-SeeIt.release.xcconfig */ = {isa = PBXFileReference; includeInIndex = 1; lastKnownFileType = text.xcconfig; name = "Pods-SeeIt.release.xcconfig"; path = "Target Support Files/Pods-SeeIt/Pods-SeeIt.release.xcconfig"; sourceTree = "<group>"; };
		4E49A7E5501235DEC6672702 /* Pods_SeeItTests.framework */ = {isa = PBXFileReference; explicitFileType = wrapper.framework; includeInIndex = 0; path = Pods_SeeItTests.framework; sourceTree = BUILT_PRODUCTS_DIR; };
		5C75E765DB74F25679827797 /* Pods_SeeIt_SeeItUITests.framework */ = {isa = PBXFileReference; explicitFileType = wrapper.framework; includeInIndex = 0; path = Pods_SeeIt_SeeItUITests.framework; sourceTree = BUILT_PRODUCTS_DIR; };
		726D359B5C41D0FB64B944B2 /* Pods-SeeItTests.release.xcconfig */ = {isa = PBXFileReference; includeInIndex = 1; lastKnownFileType = text.xcconfig; name = "Pods-SeeItTests.release.xcconfig"; path = "Target Support Files/Pods-SeeItTests/Pods-SeeItTests.release.xcconfig"; sourceTree = "<group>"; };
		AEFAF1DD80009E1211D6AD0D /* Pods-SeeItTests.debug.xcconfig */ = {isa = PBXFileReference; includeInIndex = 1; lastKnownFileType = text.xcconfig; name = "Pods-SeeItTests.debug.xcconfig"; path = "Target Support Files/Pods-SeeItTests/Pods-SeeItTests.debug.xcconfig"; sourceTree = "<group>"; };
		C5A53C62C048E522C771B457 /* Pods-SeeIt.debug.xcconfig */ = {isa = PBXFileReference; includeInIndex = 1; lastKnownFileType = text.xcconfig; name = "Pods-SeeIt.debug.xcconfig"; path = "Target Support Files/Pods-SeeIt/Pods-SeeIt.debug.xcconfig"; sourceTree = "<group>"; };
		C64E092CC1086DAF161FEC3A /* Pods-SeeIt-SeeItUITests.debug.xcconfig */ = {isa = PBXFileReference; includeInIndex = 1; lastKnownFileType = text.xcconfig; name = "Pods-SeeIt-SeeItUITests.debug.xcconfig"; path = "Target Support Files/Pods-SeeIt-SeeItUITests/Pods-SeeIt-SeeItUITests.debug.xcconfig"; sourceTree = "<group>"; };
		C7D833E427A46F8C004270B6 /* SeeIt.app */ = {isa = PBXFileReference; explicitFileType = wrapper.application; includeInIndex = 0; path = SeeIt.app; sourceTree = BUILT_PRODUCTS_DIR; };
		C7D833E727A46F8C004270B6 /* AppDelegate.swift */ = {isa = PBXFileReference; lastKnownFileType = sourcecode.swift; path = AppDelegate.swift; sourceTree = "<group>"; };
		C7D833EB27A46F8C004270B6 /* InitialViewController.swift */ = {isa = PBXFileReference; lastKnownFileType = sourcecode.swift; path = InitialViewController.swift; sourceTree = "<group>"; };
		C7D833EE27A46F8C004270B6 /* Base */ = {isa = PBXFileReference; lastKnownFileType = file.storyboard; name = Base; path = Base.lproj/Main.storyboard; sourceTree = "<group>"; };
		C7D833F027A46F8E004270B6 /* Assets.xcassets */ = {isa = PBXFileReference; lastKnownFileType = folder.assetcatalog; path = Assets.xcassets; sourceTree = "<group>"; };
		C7D833F327A46F8E004270B6 /* Base */ = {isa = PBXFileReference; lastKnownFileType = file.storyboard; name = Base; path = Base.lproj/LaunchScreen.storyboard; sourceTree = "<group>"; };
		C7D833FA27A46F8E004270B6 /* SeeItTests.xctest */ = {isa = PBXFileReference; explicitFileType = wrapper.cfbundle; includeInIndex = 0; path = SeeItTests.xctest; sourceTree = BUILT_PRODUCTS_DIR; };
		C7D833FE27A46F8E004270B6 /* SeeItTests.swift */ = {isa = PBXFileReference; lastKnownFileType = sourcecode.swift; path = SeeItTests.swift; sourceTree = "<group>"; };
		C7D8340427A46F8E004270B6 /* SeeItUITests.xctest */ = {isa = PBXFileReference; explicitFileType = wrapper.cfbundle; includeInIndex = 0; path = SeeItUITests.xctest; sourceTree = BUILT_PRODUCTS_DIR; };
		C7D8340827A46F8E004270B6 /* SeeItUITests.swift */ = {isa = PBXFileReference; lastKnownFileType = sourcecode.swift; path = SeeItUITests.swift; sourceTree = "<group>"; };
		C7D8340A27A46F8E004270B6 /* SeeItUITestsLaunchTests.swift */ = {isa = PBXFileReference; lastKnownFileType = sourcecode.swift; path = SeeItUITestsLaunchTests.swift; sourceTree = "<group>"; };
		C7D8341F27A6D752004270B6 /* HomePresenter.swift */ = {isa = PBXFileReference; lastKnownFileType = sourcecode.swift; path = HomePresenter.swift; sourceTree = "<group>"; };
		C7D8342027A6D752004270B6 /* HomeViewController.swift */ = {isa = PBXFileReference; lastKnownFileType = sourcecode.swift; path = HomeViewController.swift; sourceTree = "<group>"; };
		C7D8342127A6D752004270B6 /* HomeViewController.xib */ = {isa = PBXFileReference; lastKnownFileType = file.xib; path = HomeViewController.xib; sourceTree = "<group>"; };
		C7D8342627A6E358004270B6 /* HomeItemCell.swift */ = {isa = PBXFileReference; lastKnownFileType = sourcecode.swift; path = HomeItemCell.swift; sourceTree = "<group>"; };
		C7D8342927A99D47004270B6 /* Show.swift */ = {isa = PBXFileReference; lastKnownFileType = sourcecode.swift; path = Show.swift; sourceTree = "<group>"; };
		C7D8342C27A9A0DE004270B6 /* URLSession+Extension.swift */ = {isa = PBXFileReference; lastKnownFileType = sourcecode.swift; path = "URLSession+Extension.swift"; sourceTree = "<group>"; };
		C7D8342F27AB393A004270B6 /* UIViewController+Extension.swift */ = {isa = PBXFileReference; lastKnownFileType = sourcecode.swift; path = "UIViewController+Extension.swift"; sourceTree = "<group>"; };
		C7D8343127AB4B76004270B6 /* ShowDetailsPresenter.swift */ = {isa = PBXFileReference; lastKnownFileType = sourcecode.swift; path = ShowDetailsPresenter.swift; sourceTree = "<group>"; };
		C7D8343227AB4B76004270B6 /* ShowDetailsViewController.swift */ = {isa = PBXFileReference; lastKnownFileType = sourcecode.swift; path = ShowDetailsViewController.swift; sourceTree = "<group>"; };
		C7D8343327AB4B76004270B6 /* ShowDetailsViewController.xib */ = {isa = PBXFileReference; lastKnownFileType = file.xib; path = ShowDetailsViewController.xib; sourceTree = "<group>"; };
		C7D8343727AB5027004270B6 /* UIImage+Extension.swift */ = {isa = PBXFileReference; lastKnownFileType = sourcecode.swift; path = "UIImage+Extension.swift"; sourceTree = "<group>"; };
		C7D8343B27AB8C49004270B6 /* Cache.swift */ = {isa = PBXFileReference; lastKnownFileType = sourcecode.swift; path = Cache.swift; sourceTree = "<group>"; };
		DEEEC708875945997EDD223F /* Pods_SeeIt.framework */ = {isa = PBXFileReference; explicitFileType = wrapper.framework; includeInIndex = 0; path = Pods_SeeIt.framework; sourceTree = BUILT_PRODUCTS_DIR; };
		E9268E0B4DB786F7EC499CF3 /* Pods-SeeIt-SeeItUITests.release.xcconfig */ = {isa = PBXFileReference; includeInIndex = 1; lastKnownFileType = text.xcconfig; name = "Pods-SeeIt-SeeItUITests.release.xcconfig"; path = "Target Support Files/Pods-SeeIt-SeeItUITests/Pods-SeeIt-SeeItUITests.release.xcconfig"; sourceTree = "<group>"; };
/* End PBXFileReference section */

/* Begin PBXFrameworksBuildPhase section */
		C7D833E127A46F8C004270B6 /* Frameworks */ = {
			isa = PBXFrameworksBuildPhase;
			buildActionMask = 2147483647;
			files = (
				BA38A5A7AD89A4DE5DD33189 /* Pods_SeeIt.framework in Frameworks */,
			);
			runOnlyForDeploymentPostprocessing = 0;
		};
		C7D833F727A46F8E004270B6 /* Frameworks */ = {
			isa = PBXFrameworksBuildPhase;
			buildActionMask = 2147483647;
			files = (
				93754E5D35C40B5FEB98A760 /* Pods_SeeItTests.framework in Frameworks */,
			);
			runOnlyForDeploymentPostprocessing = 0;
		};
		C7D8340127A46F8E004270B6 /* Frameworks */ = {
			isa = PBXFrameworksBuildPhase;
			buildActionMask = 2147483647;
			files = (
				8AC0A055F89548F284B3F8C5 /* Pods_SeeIt_SeeItUITests.framework in Frameworks */,
			);
			runOnlyForDeploymentPostprocessing = 0;
		};
/* End PBXFrameworksBuildPhase section */

/* Begin PBXGroup section */
		672D794B80C15C568FD4FC3F /* Pods */ = {
			isa = PBXGroup;
			children = (
				C5A53C62C048E522C771B457 /* Pods-SeeIt.debug.xcconfig */,
				1E8A86AF52122D1D7E31A552 /* Pods-SeeIt.release.xcconfig */,
				C64E092CC1086DAF161FEC3A /* Pods-SeeIt-SeeItUITests.debug.xcconfig */,
				E9268E0B4DB786F7EC499CF3 /* Pods-SeeIt-SeeItUITests.release.xcconfig */,
				AEFAF1DD80009E1211D6AD0D /* Pods-SeeItTests.debug.xcconfig */,
				726D359B5C41D0FB64B944B2 /* Pods-SeeItTests.release.xcconfig */,
			);
			path = Pods;
			sourceTree = "<group>";
		};
		C7D833DB27A46F8C004270B6 = {
			isa = PBXGroup;
			children = (
				C7D833E627A46F8C004270B6 /* SeeIt */,
				C7D833FD27A46F8E004270B6 /* SeeItTests */,
				C7D8340727A46F8E004270B6 /* SeeItUITests */,
				C7D833E527A46F8C004270B6 /* Products */,
				672D794B80C15C568FD4FC3F /* Pods */,
				D5EDF3E96F6B11C759DBFB9C /* Frameworks */,
			);
			sourceTree = "<group>";
		};
		C7D833E527A46F8C004270B6 /* Products */ = {
			isa = PBXGroup;
			children = (
				C7D833E427A46F8C004270B6 /* SeeIt.app */,
				C7D833FA27A46F8E004270B6 /* SeeItTests.xctest */,
				C7D8340427A46F8E004270B6 /* SeeItUITests.xctest */,
			);
			name = Products;
			sourceTree = "<group>";
		};
		C7D833E627A46F8C004270B6 /* SeeIt */ = {
			isa = PBXGroup;
			children = (
				C7D8342B27A9A0AB004270B6 /* Extensions */,
				C7D8342827A99D17004270B6 /* Model */,
				C7D8341A27A46FDF004270B6 /* Storyboards */,
				C7D8341927A46FD5004270B6 /* Resources */,
				C7D8341827A46FCE004270B6 /* Infrastructure */,
				C7D8341727A46FC8004270B6 /* Modules */,
			);
			path = SeeIt;
			sourceTree = "<group>";
		};
		C7D833FD27A46F8E004270B6 /* SeeItTests */ = {
			isa = PBXGroup;
			children = (
				C7D833FE27A46F8E004270B6 /* SeeItTests.swift */,
			);
			path = SeeItTests;
			sourceTree = "<group>";
		};
		C7D8340727A46F8E004270B6 /* SeeItUITests */ = {
			isa = PBXGroup;
			children = (
				C7D8340827A46F8E004270B6 /* SeeItUITests.swift */,
				C7D8340A27A46F8E004270B6 /* SeeItUITestsLaunchTests.swift */,
			);
			path = SeeItUITests;
			sourceTree = "<group>";
		};
		C7D8341727A46FC8004270B6 /* Modules */ = {
			isa = PBXGroup;
			children = (
				C7D8341E27A6D659004270B6 /* EpisodeDetails */,
				C7D8341D27A6D594004270B6 /* ShowDetails */,
				C7D8341C27A6D57E004270B6 /* Home */,
				C7D8341B27A4706A004270B6 /* InitialViewController */,
			);
			path = Modules;
			sourceTree = "<group>";
		};
		C7D8341827A46FCE004270B6 /* Infrastructure */ = {
			isa = PBXGroup;
			children = (
				C7D833E727A46F8C004270B6 /* AppDelegate.swift */,
			);
			path = Infrastructure;
			sourceTree = "<group>";
		};
		C7D8341927A46FD5004270B6 /* Resources */ = {
			isa = PBXGroup;
			children = (
				C7D833F027A46F8E004270B6 /* Assets.xcassets */,
				C7D8343B27AB8C49004270B6 /* Cache.swift */,
			);
			path = Resources;
			sourceTree = "<group>";
		};
		C7D8341A27A46FDF004270B6 /* Storyboards */ = {
			isa = PBXGroup;
			children = (
				C7D833ED27A46F8C004270B6 /* Main.storyboard */,
				C7D833F227A46F8E004270B6 /* LaunchScreen.storyboard */,
			);
			path = Storyboards;
			sourceTree = "<group>";
		};
		C7D8341B27A4706A004270B6 /* InitialViewController */ = {
			isa = PBXGroup;
			children = (
				C7D833EB27A46F8C004270B6 /* InitialViewController.swift */,
			);
			path = InitialViewController;
			sourceTree = "<group>";
		};
		C7D8341C27A6D57E004270B6 /* Home */ = {
			isa = PBXGroup;
			children = (
				C7D8342527A6DDEF004270B6 /* Views */,
				C7D8341F27A6D752004270B6 /* HomePresenter.swift */,
				C7D8342027A6D752004270B6 /* HomeViewController.swift */,
				C7D8342127A6D752004270B6 /* HomeViewController.xib */,
			);
			path = Home;
			sourceTree = "<group>";
		};
		C7D8341D27A6D594004270B6 /* ShowDetails */ = {
			isa = PBXGroup;
			children = (
				C7D8343127AB4B76004270B6 /* ShowDetailsPresenter.swift */,
				C7D8343227AB4B76004270B6 /* ShowDetailsViewController.swift */,
				C7D8343327AB4B76004270B6 /* ShowDetailsViewController.xib */,
			);
			path = ShowDetails;
			sourceTree = "<group>";
		};
		C7D8341E27A6D659004270B6 /* EpisodeDetails */ = {
			isa = PBXGroup;
			children = (
			);
			path = EpisodeDetails;
			sourceTree = "<group>";
		};
		C7D8342527A6DDEF004270B6 /* Views */ = {
			isa = PBXGroup;
			children = (
				C7D8342627A6E358004270B6 /* HomeItemCell.swift */,
			);
			path = Views;
			sourceTree = "<group>";
		};
		C7D8342827A99D17004270B6 /* Model */ = {
			isa = PBXGroup;
			children = (
				C7D8342927A99D47004270B6 /* Show.swift */,
			);
			path = Model;
			sourceTree = "<group>";
		};
		C7D8342B27A9A0AB004270B6 /* Extensions */ = {
			isa = PBXGroup;
			children = (
				C7D8342C27A9A0DE004270B6 /* URLSession+Extension.swift */,
				C7D8342F27AB393A004270B6 /* UIViewController+Extension.swift */,
				C7D8343727AB5027004270B6 /* UIImage+Extension.swift */,
			);
			path = Extensions;
			sourceTree = "<group>";
		};
		D5EDF3E96F6B11C759DBFB9C /* Frameworks */ = {
			isa = PBXGroup;
			children = (
				DEEEC708875945997EDD223F /* Pods_SeeIt.framework */,
				5C75E765DB74F25679827797 /* Pods_SeeIt_SeeItUITests.framework */,
				4E49A7E5501235DEC6672702 /* Pods_SeeItTests.framework */,
			);
			name = Frameworks;
			sourceTree = "<group>";
		};
/* End PBXGroup section */

/* Begin PBXNativeTarget section */
		C7D833E327A46F8C004270B6 /* SeeIt */ = {
			isa = PBXNativeTarget;
			buildConfigurationList = C7D8340E27A46F8E004270B6 /* Build configuration list for PBXNativeTarget "SeeIt" */;
			buildPhases = (
				B2CED877D650CB02FBF0C0E0 /* [CP] Check Pods Manifest.lock */,
				C7D833E027A46F8C004270B6 /* Sources */,
				C7D833E127A46F8C004270B6 /* Frameworks */,
				C7D833E227A46F8C004270B6 /* Resources */,
				079C603093DB6337B806AD95 /* [CP] Embed Pods Frameworks */,
			);
			buildRules = (
			);
			dependencies = (
			);
			name = SeeIt;
			productName = SeeIt;
			productReference = C7D833E427A46F8C004270B6 /* SeeIt.app */;
			productType = "com.apple.product-type.application";
		};
		C7D833F927A46F8E004270B6 /* SeeItTests */ = {
			isa = PBXNativeTarget;
			buildConfigurationList = C7D8341127A46F8E004270B6 /* Build configuration list for PBXNativeTarget "SeeItTests" */;
			buildPhases = (
				8BE5838ABF2C33D9E6AB8CC7 /* [CP] Check Pods Manifest.lock */,
				C7D833F627A46F8E004270B6 /* Sources */,
				C7D833F727A46F8E004270B6 /* Frameworks */,
				C7D833F827A46F8E004270B6 /* Resources */,
			);
			buildRules = (
			);
			dependencies = (
				C7D833FC27A46F8E004270B6 /* PBXTargetDependency */,
			);
			name = SeeItTests;
			productName = SeeItTests;
			productReference = C7D833FA27A46F8E004270B6 /* SeeItTests.xctest */;
			productType = "com.apple.product-type.bundle.unit-test";
		};
		C7D8340327A46F8E004270B6 /* SeeItUITests */ = {
			isa = PBXNativeTarget;
			buildConfigurationList = C7D8341427A46F8E004270B6 /* Build configuration list for PBXNativeTarget "SeeItUITests" */;
			buildPhases = (
				659C2FAA55DB72C6D42DCF01 /* [CP] Check Pods Manifest.lock */,
				C7D8340027A46F8E004270B6 /* Sources */,
				C7D8340127A46F8E004270B6 /* Frameworks */,
				C7D8340227A46F8E004270B6 /* Resources */,
				F79D0BD90289D03C36734299 /* [CP] Embed Pods Frameworks */,
			);
			buildRules = (
			);
			dependencies = (
				C7D8340627A46F8E004270B6 /* PBXTargetDependency */,
			);
			name = SeeItUITests;
			productName = SeeItUITests;
			productReference = C7D8340427A46F8E004270B6 /* SeeItUITests.xctest */;
			productType = "com.apple.product-type.bundle.ui-testing";
		};
/* End PBXNativeTarget section */

/* Begin PBXProject section */
		C7D833DC27A46F8C004270B6 /* Project object */ = {
			isa = PBXProject;
			attributes = {
				BuildIndependentTargetsInParallel = 1;
				LastSwiftUpdateCheck = 1320;
				LastUpgradeCheck = 1320;
				TargetAttributes = {
					C7D833E327A46F8C004270B6 = {
						CreatedOnToolsVersion = 13.2.1;
					};
					C7D833F927A46F8E004270B6 = {
						CreatedOnToolsVersion = 13.2.1;
						TestTargetID = C7D833E327A46F8C004270B6;
					};
					C7D8340327A46F8E004270B6 = {
						CreatedOnToolsVersion = 13.2.1;
						TestTargetID = C7D833E327A46F8C004270B6;
					};
				};
			};
			buildConfigurationList = C7D833DF27A46F8C004270B6 /* Build configuration list for PBXProject "SeeIt" */;
			compatibilityVersion = "Xcode 13.0";
			developmentRegion = en;
			hasScannedForEncodings = 0;
			knownRegions = (
				en,
				Base,
			);
			mainGroup = C7D833DB27A46F8C004270B6;
			productRefGroup = C7D833E527A46F8C004270B6 /* Products */;
			projectDirPath = "";
			projectRoot = "";
			targets = (
				C7D833E327A46F8C004270B6 /* SeeIt */,
				C7D833F927A46F8E004270B6 /* SeeItTests */,
				C7D8340327A46F8E004270B6 /* SeeItUITests */,
			);
		};
/* End PBXProject section */

/* Begin PBXResourcesBuildPhase section */
		C7D833E227A46F8C004270B6 /* Resources */ = {
			isa = PBXResourcesBuildPhase;
			buildActionMask = 2147483647;
			files = (
				C7D833F427A46F8E004270B6 /* LaunchScreen.storyboard in Resources */,
				C7D833F127A46F8E004270B6 /* Assets.xcassets in Resources */,
				C7D833EF27A46F8C004270B6 /* Main.storyboard in Resources */,
				C7D8342427A6D752004270B6 /* HomeViewController.xib in Resources */,
				C7D8343627AB4B76004270B6 /* ShowDetailsViewController.xib in Resources */,
			);
			runOnlyForDeploymentPostprocessing = 0;
		};
		C7D833F827A46F8E004270B6 /* Resources */ = {
			isa = PBXResourcesBuildPhase;
			buildActionMask = 2147483647;
			files = (
			);
			runOnlyForDeploymentPostprocessing = 0;
		};
		C7D8340227A46F8E004270B6 /* Resources */ = {
			isa = PBXResourcesBuildPhase;
			buildActionMask = 2147483647;
			files = (
			);
			runOnlyForDeploymentPostprocessing = 0;
		};
/* End PBXResourcesBuildPhase section */

/* Begin PBXShellScriptBuildPhase section */
		079C603093DB6337B806AD95 /* [CP] Embed Pods Frameworks */ = {
			isa = PBXShellScriptBuildPhase;
			buildActionMask = 2147483647;
			files = (
			);
			inputFileListPaths = (
				"${PODS_ROOT}/Target Support Files/Pods-SeeIt/Pods-SeeIt-frameworks-${CONFIGURATION}-input-files.xcfilelist",
			);
			name = "[CP] Embed Pods Frameworks";
			outputFileListPaths = (
				"${PODS_ROOT}/Target Support Files/Pods-SeeIt/Pods-SeeIt-frameworks-${CONFIGURATION}-output-files.xcfilelist",
			);
			runOnlyForDeploymentPostprocessing = 0;
			shellPath = /bin/sh;
			shellScript = "\"${PODS_ROOT}/Target Support Files/Pods-SeeIt/Pods-SeeIt-frameworks.sh\"\n";
			showEnvVarsInLog = 0;
		};
		659C2FAA55DB72C6D42DCF01 /* [CP] Check Pods Manifest.lock */ = {
			isa = PBXShellScriptBuildPhase;
			buildActionMask = 2147483647;
			files = (
			);
			inputFileListPaths = (
			);
			inputPaths = (
				"${PODS_PODFILE_DIR_PATH}/Podfile.lock",
				"${PODS_ROOT}/Manifest.lock",
			);
			name = "[CP] Check Pods Manifest.lock";
			outputFileListPaths = (
			);
			outputPaths = (
				"$(DERIVED_FILE_DIR)/Pods-SeeIt-SeeItUITests-checkManifestLockResult.txt",
			);
			runOnlyForDeploymentPostprocessing = 0;
			shellPath = /bin/sh;
			shellScript = "diff \"${PODS_PODFILE_DIR_PATH}/Podfile.lock\" \"${PODS_ROOT}/Manifest.lock\" > /dev/null\nif [ $? != 0 ] ; then\n    # print error to STDERR\n    echo \"error: The sandbox is not in sync with the Podfile.lock. Run 'pod install' or update your CocoaPods installation.\" >&2\n    exit 1\nfi\n# This output is used by Xcode 'outputs' to avoid re-running this script phase.\necho \"SUCCESS\" > \"${SCRIPT_OUTPUT_FILE_0}\"\n";
			showEnvVarsInLog = 0;
		};
		8BE5838ABF2C33D9E6AB8CC7 /* [CP] Check Pods Manifest.lock */ = {
			isa = PBXShellScriptBuildPhase;
			buildActionMask = 2147483647;
			files = (
			);
			inputFileListPaths = (
			);
			inputPaths = (
				"${PODS_PODFILE_DIR_PATH}/Podfile.lock",
				"${PODS_ROOT}/Manifest.lock",
			);
			name = "[CP] Check Pods Manifest.lock";
			outputFileListPaths = (
			);
			outputPaths = (
				"$(DERIVED_FILE_DIR)/Pods-SeeItTests-checkManifestLockResult.txt",
			);
			runOnlyForDeploymentPostprocessing = 0;
			shellPath = /bin/sh;
			shellScript = "diff \"${PODS_PODFILE_DIR_PATH}/Podfile.lock\" \"${PODS_ROOT}/Manifest.lock\" > /dev/null\nif [ $? != 0 ] ; then\n    # print error to STDERR\n    echo \"error: The sandbox is not in sync with the Podfile.lock. Run 'pod install' or update your CocoaPods installation.\" >&2\n    exit 1\nfi\n# This output is used by Xcode 'outputs' to avoid re-running this script phase.\necho \"SUCCESS\" > \"${SCRIPT_OUTPUT_FILE_0}\"\n";
			showEnvVarsInLog = 0;
		};
		B2CED877D650CB02FBF0C0E0 /* [CP] Check Pods Manifest.lock */ = {
			isa = PBXShellScriptBuildPhase;
			buildActionMask = 2147483647;
			files = (
			);
			inputFileListPaths = (
			);
			inputPaths = (
				"${PODS_PODFILE_DIR_PATH}/Podfile.lock",
				"${PODS_ROOT}/Manifest.lock",
			);
			name = "[CP] Check Pods Manifest.lock";
			outputFileListPaths = (
			);
			outputPaths = (
				"$(DERIVED_FILE_DIR)/Pods-SeeIt-checkManifestLockResult.txt",
			);
			runOnlyForDeploymentPostprocessing = 0;
			shellPath = /bin/sh;
			shellScript = "diff \"${PODS_PODFILE_DIR_PATH}/Podfile.lock\" \"${PODS_ROOT}/Manifest.lock\" > /dev/null\nif [ $? != 0 ] ; then\n    # print error to STDERR\n    echo \"error: The sandbox is not in sync with the Podfile.lock. Run 'pod install' or update your CocoaPods installation.\" >&2\n    exit 1\nfi\n# This output is used by Xcode 'outputs' to avoid re-running this script phase.\necho \"SUCCESS\" > \"${SCRIPT_OUTPUT_FILE_0}\"\n";
			showEnvVarsInLog = 0;
		};
		F79D0BD90289D03C36734299 /* [CP] Embed Pods Frameworks */ = {
			isa = PBXShellScriptBuildPhase;
			buildActionMask = 2147483647;
			files = (
			);
			inputFileListPaths = (
				"${PODS_ROOT}/Target Support Files/Pods-SeeIt-SeeItUITests/Pods-SeeIt-SeeItUITests-frameworks-${CONFIGURATION}-input-files.xcfilelist",
			);
			name = "[CP] Embed Pods Frameworks";
			outputFileListPaths = (
				"${PODS_ROOT}/Target Support Files/Pods-SeeIt-SeeItUITests/Pods-SeeIt-SeeItUITests-frameworks-${CONFIGURATION}-output-files.xcfilelist",
			);
			runOnlyForDeploymentPostprocessing = 0;
			shellPath = /bin/sh;
			shellScript = "\"${PODS_ROOT}/Target Support Files/Pods-SeeIt-SeeItUITests/Pods-SeeIt-SeeItUITests-frameworks.sh\"\n";
			showEnvVarsInLog = 0;
		};
/* End PBXShellScriptBuildPhase section */

/* Begin PBXSourcesBuildPhase section */
		C7D833E027A46F8C004270B6 /* Sources */ = {
			isa = PBXSourcesBuildPhase;
			buildActionMask = 2147483647;
			files = (
				C7D8343027AB393A004270B6 /* UIViewController+Extension.swift in Sources */,
				C7D8342A27A99D47004270B6 /* Show.swift in Sources */,
				C7D8342727A6E358004270B6 /* HomeItemCell.swift in Sources */,
				C7D8342D27A9A0DE004270B6 /* URLSession+Extension.swift in Sources */,
				C7D8343427AB4B76004270B6 /* ShowDetailsPresenter.swift in Sources */,
				C7D8342227A6D752004270B6 /* HomePresenter.swift in Sources */,
				C7D8343527AB4B76004270B6 /* ShowDetailsViewController.swift in Sources */,
				C7D833EC27A46F8C004270B6 /* InitialViewController.swift in Sources */,
				C7D833E827A46F8C004270B6 /* AppDelegate.swift in Sources */,
				C7D8343827AB5027004270B6 /* UIImage+Extension.swift in Sources */,
				C7D8343C27AB8C49004270B6 /* Cache.swift in Sources */,
				C7D8342327A6D752004270B6 /* HomeViewController.swift in Sources */,
			);
			runOnlyForDeploymentPostprocessing = 0;
		};
		C7D833F627A46F8E004270B6 /* Sources */ = {
			isa = PBXSourcesBuildPhase;
			buildActionMask = 2147483647;
			files = (
				C7D833FF27A46F8E004270B6 /* SeeItTests.swift in Sources */,
			);
			runOnlyForDeploymentPostprocessing = 0;
		};
		C7D8340027A46F8E004270B6 /* Sources */ = {
			isa = PBXSourcesBuildPhase;
			buildActionMask = 2147483647;
			files = (
				C7D8340927A46F8E004270B6 /* SeeItUITests.swift in Sources */,
				C7D8340B27A46F8E004270B6 /* SeeItUITestsLaunchTests.swift in Sources */,
			);
			runOnlyForDeploymentPostprocessing = 0;
		};
/* End PBXSourcesBuildPhase section */

/* Begin PBXTargetDependency section */
		C7D833FC27A46F8E004270B6 /* PBXTargetDependency */ = {
			isa = PBXTargetDependency;
			target = C7D833E327A46F8C004270B6 /* SeeIt */;
			targetProxy = C7D833FB27A46F8E004270B6 /* PBXContainerItemProxy */;
		};
		C7D8340627A46F8E004270B6 /* PBXTargetDependency */ = {
			isa = PBXTargetDependency;
			target = C7D833E327A46F8C004270B6 /* SeeIt */;
			targetProxy = C7D8340527A46F8E004270B6 /* PBXContainerItemProxy */;
		};
/* End PBXTargetDependency section */

/* Begin PBXVariantGroup section */
		C7D833ED27A46F8C004270B6 /* Main.storyboard */ = {
			isa = PBXVariantGroup;
			children = (
				C7D833EE27A46F8C004270B6 /* Base */,
			);
			name = Main.storyboard;
			sourceTree = "<group>";
		};
		C7D833F227A46F8E004270B6 /* LaunchScreen.storyboard */ = {
			isa = PBXVariantGroup;
			children = (
				C7D833F327A46F8E004270B6 /* Base */,
			);
			name = LaunchScreen.storyboard;
			sourceTree = "<group>";
		};
/* End PBXVariantGroup section */

/* Begin XCBuildConfiguration section */
		C7D8340C27A46F8E004270B6 /* Debug */ = {
			isa = XCBuildConfiguration;
			buildSettings = {
				ALWAYS_SEARCH_USER_PATHS = NO;
				CLANG_ANALYZER_NONNULL = YES;
				CLANG_ANALYZER_NUMBER_OBJECT_CONVERSION = YES_AGGRESSIVE;
				CLANG_CXX_LANGUAGE_STANDARD = "gnu++17";
				CLANG_CXX_LIBRARY = "libc++";
				CLANG_ENABLE_MODULES = YES;
				CLANG_ENABLE_OBJC_ARC = YES;
				CLANG_ENABLE_OBJC_WEAK = YES;
				CLANG_WARN_BLOCK_CAPTURE_AUTORELEASING = YES;
				CLANG_WARN_BOOL_CONVERSION = YES;
				CLANG_WARN_COMMA = YES;
				CLANG_WARN_CONSTANT_CONVERSION = YES;
				CLANG_WARN_DEPRECATED_OBJC_IMPLEMENTATIONS = YES;
				CLANG_WARN_DIRECT_OBJC_ISA_USAGE = YES_ERROR;
				CLANG_WARN_DOCUMENTATION_COMMENTS = YES;
				CLANG_WARN_EMPTY_BODY = YES;
				CLANG_WARN_ENUM_CONVERSION = YES;
				CLANG_WARN_INFINITE_RECURSION = YES;
				CLANG_WARN_INT_CONVERSION = YES;
				CLANG_WARN_NON_LITERAL_NULL_CONVERSION = YES;
				CLANG_WARN_OBJC_IMPLICIT_RETAIN_SELF = YES;
				CLANG_WARN_OBJC_LITERAL_CONVERSION = YES;
				CLANG_WARN_OBJC_ROOT_CLASS = YES_ERROR;
				CLANG_WARN_QUOTED_INCLUDE_IN_FRAMEWORK_HEADER = YES;
				CLANG_WARN_RANGE_LOOP_ANALYSIS = YES;
				CLANG_WARN_STRICT_PROTOTYPES = YES;
				CLANG_WARN_SUSPICIOUS_MOVE = YES;
				CLANG_WARN_UNGUARDED_AVAILABILITY = YES_AGGRESSIVE;
				CLANG_WARN_UNREACHABLE_CODE = YES;
				CLANG_WARN__DUPLICATE_METHOD_MATCH = YES;
				COPY_PHASE_STRIP = NO;
				DEBUG_INFORMATION_FORMAT = dwarf;
				ENABLE_STRICT_OBJC_MSGSEND = YES;
				ENABLE_TESTABILITY = YES;
				GCC_C_LANGUAGE_STANDARD = gnu11;
				GCC_DYNAMIC_NO_PIC = NO;
				GCC_NO_COMMON_BLOCKS = YES;
				GCC_OPTIMIZATION_LEVEL = 0;
				GCC_PREPROCESSOR_DEFINITIONS = (
					"DEBUG=1",
					"$(inherited)",
				);
				GCC_WARN_64_TO_32_BIT_CONVERSION = YES;
				GCC_WARN_ABOUT_RETURN_TYPE = YES_ERROR;
				GCC_WARN_UNDECLARED_SELECTOR = YES;
				GCC_WARN_UNINITIALIZED_AUTOS = YES_AGGRESSIVE;
				GCC_WARN_UNUSED_FUNCTION = YES;
				GCC_WARN_UNUSED_VARIABLE = YES;
				IPHONEOS_DEPLOYMENT_TARGET = 14.0;
				MTL_ENABLE_DEBUG_INFO = INCLUDE_SOURCE;
				MTL_FAST_MATH = YES;
				ONLY_ACTIVE_ARCH = YES;
				SDKROOT = iphoneos;
				SWIFT_ACTIVE_COMPILATION_CONDITIONS = DEBUG;
				SWIFT_OPTIMIZATION_LEVEL = "-Onone";
			};
			name = Debug;
		};
		C7D8340D27A46F8E004270B6 /* Release */ = {
			isa = XCBuildConfiguration;
			buildSettings = {
				ALWAYS_SEARCH_USER_PATHS = NO;
				CLANG_ANALYZER_NONNULL = YES;
				CLANG_ANALYZER_NUMBER_OBJECT_CONVERSION = YES_AGGRESSIVE;
				CLANG_CXX_LANGUAGE_STANDARD = "gnu++17";
				CLANG_CXX_LIBRARY = "libc++";
				CLANG_ENABLE_MODULES = YES;
				CLANG_ENABLE_OBJC_ARC = YES;
				CLANG_ENABLE_OBJC_WEAK = YES;
				CLANG_WARN_BLOCK_CAPTURE_AUTORELEASING = YES;
				CLANG_WARN_BOOL_CONVERSION = YES;
				CLANG_WARN_COMMA = YES;
				CLANG_WARN_CONSTANT_CONVERSION = YES;
				CLANG_WARN_DEPRECATED_OBJC_IMPLEMENTATIONS = YES;
				CLANG_WARN_DIRECT_OBJC_ISA_USAGE = YES_ERROR;
				CLANG_WARN_DOCUMENTATION_COMMENTS = YES;
				CLANG_WARN_EMPTY_BODY = YES;
				CLANG_WARN_ENUM_CONVERSION = YES;
				CLANG_WARN_INFINITE_RECURSION = YES;
				CLANG_WARN_INT_CONVERSION = YES;
				CLANG_WARN_NON_LITERAL_NULL_CONVERSION = YES;
				CLANG_WARN_OBJC_IMPLICIT_RETAIN_SELF = YES;
				CLANG_WARN_OBJC_LITERAL_CONVERSION = YES;
				CLANG_WARN_OBJC_ROOT_CLASS = YES_ERROR;
				CLANG_WARN_QUOTED_INCLUDE_IN_FRAMEWORK_HEADER = YES;
				CLANG_WARN_RANGE_LOOP_ANALYSIS = YES;
				CLANG_WARN_STRICT_PROTOTYPES = YES;
				CLANG_WARN_SUSPICIOUS_MOVE = YES;
				CLANG_WARN_UNGUARDED_AVAILABILITY = YES_AGGRESSIVE;
				CLANG_WARN_UNREACHABLE_CODE = YES;
				CLANG_WARN__DUPLICATE_METHOD_MATCH = YES;
				COPY_PHASE_STRIP = NO;
				DEBUG_INFORMATION_FORMAT = "dwarf-with-dsym";
				ENABLE_NS_ASSERTIONS = NO;
				ENABLE_STRICT_OBJC_MSGSEND = YES;
				GCC_C_LANGUAGE_STANDARD = gnu11;
				GCC_NO_COMMON_BLOCKS = YES;
				GCC_WARN_64_TO_32_BIT_CONVERSION = YES;
				GCC_WARN_ABOUT_RETURN_TYPE = YES_ERROR;
				GCC_WARN_UNDECLARED_SELECTOR = YES;
				GCC_WARN_UNINITIALIZED_AUTOS = YES_AGGRESSIVE;
				GCC_WARN_UNUSED_FUNCTION = YES;
				GCC_WARN_UNUSED_VARIABLE = YES;
				IPHONEOS_DEPLOYMENT_TARGET = 14.0;
				MTL_ENABLE_DEBUG_INFO = NO;
				MTL_FAST_MATH = YES;
				SDKROOT = iphoneos;
				SWIFT_COMPILATION_MODE = wholemodule;
				SWIFT_OPTIMIZATION_LEVEL = "-O";
				VALIDATE_PRODUCT = YES;
			};
			name = Release;
		};
		C7D8340F27A46F8E004270B6 /* Debug */ = {
			isa = XCBuildConfiguration;
			baseConfigurationReference = C5A53C62C048E522C771B457 /* Pods-SeeIt.debug.xcconfig */;
			buildSettings = {
				ASSETCATALOG_COMPILER_APPICON_NAME = AppIcon;
				ASSETCATALOG_COMPILER_GLOBAL_ACCENT_COLOR_NAME = AccentColor;
				CODE_SIGN_STYLE = Automatic;
				CURRENT_PROJECT_VERSION = 1;
				DEBUG_INFORMATION_FORMAT = "dwarf-with-dsym";
				DEVELOPMENT_TEAM = V5FAL96G48;
				GENERATE_INFOPLIST_FILE = YES;
				INFOPLIST_FILE = SeeIt/Info.plist;
				INFOPLIST_KEY_UIApplicationSupportsIndirectInputEvents = YES;
				INFOPLIST_KEY_UILaunchStoryboardName = LaunchScreen;
				INFOPLIST_KEY_UIMainStoryboardFile = Main;
				INFOPLIST_KEY_UISupportedInterfaceOrientations = UIInterfaceOrientationPortrait;
				INFOPLIST_KEY_UISupportedInterfaceOrientations_iPhone = "UIInterfaceOrientationPortrait UIInterfaceOrientationLandscapeLeft UIInterfaceOrientationLandscapeRight";
				IPHONEOS_DEPLOYMENT_TARGET = 14.0;
				LD_RUNPATH_SEARCH_PATHS = (
					"$(inherited)",
					"@executable_path/Frameworks",
				);
				MARKETING_VERSION = 1.0;
				PRODUCT_BUNDLE_IDENTIFIER = dev.webelieve.SeeIt;
				PRODUCT_NAME = "$(TARGET_NAME)";
				SWIFT_EMIT_LOC_STRINGS = YES;
				SWIFT_VERSION = 5.0;
				TARGETED_DEVICE_FAMILY = 1;
			};
			name = Debug;
		};
		C7D8341027A46F8E004270B6 /* Release */ = {
			isa = XCBuildConfiguration;
			baseConfigurationReference = 1E8A86AF52122D1D7E31A552 /* Pods-SeeIt.release.xcconfig */;
			buildSettings = {
				ASSETCATALOG_COMPILER_APPICON_NAME = AppIcon;
				ASSETCATALOG_COMPILER_GLOBAL_ACCENT_COLOR_NAME = AccentColor;
				CODE_SIGN_STYLE = Automatic;
				CURRENT_PROJECT_VERSION = 1;
				DEVELOPMENT_TEAM = V5FAL96G48;
				GENERATE_INFOPLIST_FILE = YES;
				INFOPLIST_FILE = SeeIt/Info.plist;
				INFOPLIST_KEY_UIApplicationSupportsIndirectInputEvents = YES;
				INFOPLIST_KEY_UILaunchStoryboardName = LaunchScreen;
				INFOPLIST_KEY_UIMainStoryboardFile = Main;
				INFOPLIST_KEY_UISupportedInterfaceOrientations = UIInterfaceOrientationPortrait;
				INFOPLIST_KEY_UISupportedInterfaceOrientations_iPhone = "UIInterfaceOrientationPortrait UIInterfaceOrientationLandscapeLeft UIInterfaceOrientationLandscapeRight";
				IPHONEOS_DEPLOYMENT_TARGET = 14.0;
				LD_RUNPATH_SEARCH_PATHS = (
					"$(inherited)",
					"@executable_path/Frameworks",
				);
				MARKETING_VERSION = 1.0;
				PRODUCT_BUNDLE_IDENTIFIER = dev.webelieve.SeeIt;
				PRODUCT_NAME = "$(TARGET_NAME)";
				SWIFT_EMIT_LOC_STRINGS = YES;
				SWIFT_VERSION = 5.0;
				TARGETED_DEVICE_FAMILY = 1;
			};
			name = Release;
		};
		C7D8341227A46F8E004270B6 /* Debug */ = {
			isa = XCBuildConfiguration;
			baseConfigurationReference = AEFAF1DD80009E1211D6AD0D /* Pods-SeeItTests.debug.xcconfig */;
			buildSettings = {
				ALWAYS_EMBED_SWIFT_STANDARD_LIBRARIES = YES;
				BUNDLE_LOADER = "$(TEST_HOST)";
				CODE_SIGN_STYLE = Automatic;
				CURRENT_PROJECT_VERSION = 1;
				DEVELOPMENT_TEAM = V5FAL96G48;
				GENERATE_INFOPLIST_FILE = YES;
				IPHONEOS_DEPLOYMENT_TARGET = 14.0;
				MARKETING_VERSION = 1.0;
				PRODUCT_BUNDLE_IDENTIFIER = dev.webelieve.SeeItTests;
				PRODUCT_NAME = "$(TARGET_NAME)";
				SWIFT_EMIT_LOC_STRINGS = NO;
				SWIFT_VERSION = 5.0;
				TARGETED_DEVICE_FAMILY = "1,2";
				TEST_HOST = "$(BUILT_PRODUCTS_DIR)/SeeIt.app/SeeIt";
			};
			name = Debug;
		};
		C7D8341327A46F8E004270B6 /* Release */ = {
			isa = XCBuildConfiguration;
			baseConfigurationReference = 726D359B5C41D0FB64B944B2 /* Pods-SeeItTests.release.xcconfig */;
			buildSettings = {
				ALWAYS_EMBED_SWIFT_STANDARD_LIBRARIES = YES;
				BUNDLE_LOADER = "$(TEST_HOST)";
				CODE_SIGN_STYLE = Automatic;
				CURRENT_PROJECT_VERSION = 1;
				DEVELOPMENT_TEAM = V5FAL96G48;
				GENERATE_INFOPLIST_FILE = YES;
				IPHONEOS_DEPLOYMENT_TARGET = 14.0;
				MARKETING_VERSION = 1.0;
				PRODUCT_BUNDLE_IDENTIFIER = dev.webelieve.SeeItTests;
				PRODUCT_NAME = "$(TARGET_NAME)";
				SWIFT_EMIT_LOC_STRINGS = NO;
				SWIFT_VERSION = 5.0;
				TARGETED_DEVICE_FAMILY = "1,2";
				TEST_HOST = "$(BUILT_PRODUCTS_DIR)/SeeIt.app/SeeIt";
			};
			name = Release;
		};
		C7D8341527A46F8E004270B6 /* Debug */ = {
			isa = XCBuildConfiguration;
			baseConfigurationReference = C64E092CC1086DAF161FEC3A /* Pods-SeeIt-SeeItUITests.debug.xcconfig */;
			buildSettings = {
				ALWAYS_EMBED_SWIFT_STANDARD_LIBRARIES = YES;
				CODE_SIGN_STYLE = Automatic;
				CURRENT_PROJECT_VERSION = 1;
				DEVELOPMENT_TEAM = V5FAL96G48;
				GENERATE_INFOPLIST_FILE = YES;
				MARKETING_VERSION = 1.0;
				PRODUCT_BUNDLE_IDENTIFIER = dev.webelieve.SeeItUITests;
				PRODUCT_NAME = "$(TARGET_NAME)";
				SWIFT_EMIT_LOC_STRINGS = NO;
				SWIFT_VERSION = 5.0;
				TARGETED_DEVICE_FAMILY = "1,2";
				TEST_TARGET_NAME = SeeIt;
			};
			name = Debug;
		};
		C7D8341627A46F8E004270B6 /* Release */ = {
			isa = XCBuildConfiguration;
			baseConfigurationReference = E9268E0B4DB786F7EC499CF3 /* Pods-SeeIt-SeeItUITests.release.xcconfig */;
			buildSettings = {
				ALWAYS_EMBED_SWIFT_STANDARD_LIBRARIES = YES;
				CODE_SIGN_STYLE = Automatic;
				CURRENT_PROJECT_VERSION = 1;
				DEVELOPMENT_TEAM = V5FAL96G48;
				GENERATE_INFOPLIST_FILE = YES;
				MARKETING_VERSION = 1.0;
				PRODUCT_BUNDLE_IDENTIFIER = dev.webelieve.SeeItUITests;
				PRODUCT_NAME = "$(TARGET_NAME)";
				SWIFT_EMIT_LOC_STRINGS = NO;
				SWIFT_VERSION = 5.0;
				TARGETED_DEVICE_FAMILY = "1,2";
				TEST_TARGET_NAME = SeeIt;
			};
			name = Release;
		};
/* End XCBuildConfiguration section */

/* Begin XCConfigurationList section */
		C7D833DF27A46F8C004270B6 /* Build configuration list for PBXProject "SeeIt" */ = {
			isa = XCConfigurationList;
			buildConfigurations = (
				C7D8340C27A46F8E004270B6 /* Debug */,
				C7D8340D27A46F8E004270B6 /* Release */,
			);
			defaultConfigurationIsVisible = 0;
			defaultConfigurationName = Release;
		};
		C7D8340E27A46F8E004270B6 /* Build configuration list for PBXNativeTarget "SeeIt" */ = {
			isa = XCConfigurationList;
			buildConfigurations = (
				C7D8340F27A46F8E004270B6 /* Debug */,
				C7D8341027A46F8E004270B6 /* Release */,
			);
			defaultConfigurationIsVisible = 0;
			defaultConfigurationName = Release;
		};
		C7D8341127A46F8E004270B6 /* Build configuration list for PBXNativeTarget "SeeItTests" */ = {
			isa = XCConfigurationList;
			buildConfigurations = (
				C7D8341227A46F8E004270B6 /* Debug */,
				C7D8341327A46F8E004270B6 /* Release */,
			);
			defaultConfigurationIsVisible = 0;
			defaultConfigurationName = Release;
		};
		C7D8341427A46F8E004270B6 /* Build configuration list for PBXNativeTarget "SeeItUITests" */ = {
			isa = XCConfigurationList;
			buildConfigurations = (
				C7D8341527A46F8E004270B6 /* Debug */,
				C7D8341627A46F8E004270B6 /* Release */,
			);
			defaultConfigurationIsVisible = 0;
			defaultConfigurationName = Release;
		};
/* End XCConfigurationList section */
	};
	rootObject = C7D833DC27A46F8C004270B6 /* Project object */;
}
